
Microsoft Visual Studio Solution File, Format Version 12.00
# Visual Studio Version 16
VisualStudioVersion = 16.0.32126.315
MinimumVisualStudioVersion = 10.0.40219.1
Project("{FAE04EC0-301F-11D3-BF4B-00C04F79EFBC}") = "PersonClass", "PersonClass\PersonClass.csproj", "{11BAF9D6-CE16-49DB-8FA1-16206291E699}"
EndProject
Global
	GlobalSection(SolutionConfigurationPlatforms) = preSolution
		Debug|Any CPU = Debug|Any CPU
		Release|Any CPU = Release|Any CPU
	EndGlobalSection
	GlobalSection(ProjectConfigurationPlatforms) = postSolution
		{11BAF9D6-CE16-49DB-8FA1-16206291E699}.Debug|Any CPU.ActiveCfg = Debug|Any CPU
		{11BAF9D6-CE16-49DB-8FA1-16206291E699}.Debug|Any CPU.Build.0 = Debug|Any CPU
		{11BAF9D6-CE16-49DB-8FA1-16206291E699}.Release|Any CPU.ActiveCfg = Release|Any CPU
		{11BAF9D6-CE16-49DB-8FA1-16206291E699}.Release|Any CPU.Build.0 = Release|Any CPU
	EndGlobalSection
	GlobalSection(SolutionProperties) = preSolution
		HideSolutionNode = FALSE
	EndGlobalSection
	GlobalSection(ExtensibilityGlobals) = postSolution
		SolutionGuid = {E39EBC9C-ADE4-4E0E-BC44-8C5B79545B01}
	EndGlobalSection
EndGlobal
